// !$*UTF8*$!
{
	archiveVersion = 1;
	classes = {
	};
	objectVersion = 56;
	objects = {

/* Begin PBXBuildFile section */
		6ED601392AF37D360009B30C /* AppDelegate.swift in Sources */ = {isa = PBXBuildFile; fileRef = 6ED601382AF37D360009B30C /* AppDelegate.swift */; };
		6ED6013B2AF37D360009B30C /* SceneDelegate.swift in Sources */ = {isa = PBXBuildFile; fileRef = 6ED6013A2AF37D360009B30C /* SceneDelegate.swift */; };
		6ED601422AF37D370009B30C /* Assets.xcassets in Resources */ = {isa = PBXBuildFile; fileRef = 6ED601412AF37D370009B30C /* Assets.xcassets */; };
		6ED601452AF37D370009B30C /* LaunchScreen.storyboard in Resources */ = {isa = PBXBuildFile; fileRef = 6ED601432AF37D370009B30C /* LaunchScreen.storyboard */; };
		6ED601572AF391750009B30C /* HomeViewController.swift in Sources */ = {isa = PBXBuildFile; fileRef = 6ED601562AF391750009B30C /* HomeViewController.swift */; };
		6ED601592AF3919E0009B30C /* HomeViewModel.swift in Sources */ = {isa = PBXBuildFile; fileRef = 6ED601582AF3919E0009B30C /* HomeViewModel.swift */; };
		6ED6015B2AF391AF0009B30C /* HomeCoordinator.swift in Sources */ = {isa = PBXBuildFile; fileRef = 6ED6015A2AF391AF0009B30C /* HomeCoordinator.swift */; };
		6ED6015E2AF391D50009B30C /* Coordinator.swift in Sources */ = {isa = PBXBuildFile; fileRef = 6ED6015D2AF391D50009B30C /* Coordinator.swift */; };
		6ED601602AF3921F0009B30C /* AppCoordinator.swift in Sources */ = {isa = PBXBuildFile; fileRef = 6ED6015F2AF3921F0009B30C /* AppCoordinator.swift */; };
		6ED601672AF399330009B30C /* RxBlocking in Frameworks */ = {isa = PBXBuildFile; productRef = 6ED601662AF399330009B30C /* RxBlocking */; };
		6ED601692AF399330009B30C /* RxBlocking-Dynamic in Frameworks */ = {isa = PBXBuildFile; productRef = 6ED601682AF399330009B30C /* RxBlocking-Dynamic */; };
		6ED6016B2AF399330009B30C /* RxCocoa in Frameworks */ = {isa = PBXBuildFile; productRef = 6ED6016A2AF399330009B30C /* RxCocoa */; };
		6ED6016D2AF399330009B30C /* RxCocoa-Dynamic in Frameworks */ = {isa = PBXBuildFile; productRef = 6ED6016C2AF399330009B30C /* RxCocoa-Dynamic */; };
		6ED6016F2AF399330009B30C /* RxRelay in Frameworks */ = {isa = PBXBuildFile; productRef = 6ED6016E2AF399330009B30C /* RxRelay */; };
		6ED601712AF39AA60009B30C /* NextCoordinator.swift in Sources */ = {isa = PBXBuildFile; fileRef = 6ED601702AF39AA60009B30C /* NextCoordinator.swift */; };
		6ED601732AF39B2A0009B30C /* NextViewModel.swift in Sources */ = {isa = PBXBuildFile; fileRef = 6ED601722AF39B2A0009B30C /* NextViewModel.swift */; };
		6ED601752AF39B370009B30C /* NextViewController.swift in Sources */ = {isa = PBXBuildFile; fileRef = 6ED601742AF39B370009B30C /* NextViewController.swift */; };
/* End PBXBuildFile section */

/* Begin PBXFileReference section */
		6ED601352AF37D360009B30C /* Coordinator.app */ = {isa = PBXFileReference; explicitFileType = wrapper.application; includeInIndex = 0; path = Coordinator.app; sourceTree = BUILT_PRODUCTS_DIR; };
		6ED601382AF37D360009B30C /* AppDelegate.swift */ = {isa = PBXFileReference; lastKnownFileType = sourcecode.swift; path = AppDelegate.swift; sourceTree = "<group>"; };
		6ED6013A2AF37D360009B30C /* SceneDelegate.swift */ = {isa = PBXFileReference; lastKnownFileType = sourcecode.swift; path = SceneDelegate.swift; sourceTree = "<group>"; };
		6ED601412AF37D370009B30C /* Assets.xcassets */ = {isa = PBXFileReference; lastKnownFileType = folder.assetcatalog; path = Assets.xcassets; sourceTree = "<group>"; };
		6ED601442AF37D370009B30C /* Base */ = {isa = PBXFileReference; lastKnownFileType = file.storyboard; name = Base; path = Base.lproj/LaunchScreen.storyboard; sourceTree = "<group>"; };
		6ED601462AF37D370009B30C /* Info.plist */ = {isa = PBXFileReference; lastKnownFileType = text.plist.xml; path = Info.plist; sourceTree = "<group>"; };
		6ED601562AF391750009B30C /* HomeViewController.swift */ = {isa = PBXFileReference; lastKnownFileType = sourcecode.swift; path = HomeViewController.swift; sourceTree = "<group>"; };
		6ED601582AF3919E0009B30C /* HomeViewModel.swift */ = {isa = PBXFileReference; lastKnownFileType = sourcecode.swift; path = HomeViewModel.swift; sourceTree = "<group>"; };
		6ED6015A2AF391AF0009B30C /* HomeCoordinator.swift */ = {isa = PBXFileReference; lastKnownFileType = sourcecode.swift; path = HomeCoordinator.swift; sourceTree = "<group>"; };
		6ED6015D2AF391D50009B30C /* Coordinator.swift */ = {isa = PBXFileReference; lastKnownFileType = sourcecode.swift; path = Coordinator.swift; sourceTree = "<group>"; };
		6ED6015F2AF3921F0009B30C /* AppCoordinator.swift */ = {isa = PBXFileReference; lastKnownFileType = sourcecode.swift; path = AppCoordinator.swift; sourceTree = "<group>"; };
		6ED601702AF39AA60009B30C /* NextCoordinator.swift */ = {isa = PBXFileReference; lastKnownFileType = sourcecode.swift; path = NextCoordinator.swift; sourceTree = "<group>"; };
		6ED601722AF39B2A0009B30C /* NextViewModel.swift */ = {isa = PBXFileReference; lastKnownFileType = sourcecode.swift; path = NextViewModel.swift; sourceTree = "<group>"; };
		6ED601742AF39B370009B30C /* NextViewController.swift */ = {isa = PBXFileReference; lastKnownFileType = sourcecode.swift; path = NextViewController.swift; sourceTree = "<group>"; };
/* End PBXFileReference section */

/* Begin PBXFrameworksBuildPhase section */
		6ED601322AF37D360009B30C /* Frameworks */ = {
			isa = PBXFrameworksBuildPhase;
			buildActionMask = 2147483647;
			files = (
				6ED6016F2AF399330009B30C /* RxRelay in Frameworks */,
				6ED6016D2AF399330009B30C /* RxCocoa-Dynamic in Frameworks */,
				6ED6016B2AF399330009B30C /* RxCocoa in Frameworks */,
				6ED601672AF399330009B30C /* RxBlocking in Frameworks */,
				6ED601692AF399330009B30C /* RxBlocking-Dynamic in Frameworks */,
			);
			runOnlyForDeploymentPostprocessing = 0;
		};
/* End PBXFrameworksBuildPhase section */

/* Begin PBXGroup section */
		6ED6012C2AF37D360009B30C = {
			isa = PBXGroup;
			children = (
				6ED601372AF37D360009B30C /* Coordinator */,
				6ED601362AF37D360009B30C /* Products */,
			);
			sourceTree = "<group>";
		};
		6ED601362AF37D360009B30C /* Products */ = {
			isa = PBXGroup;
			children = (
				6ED601352AF37D360009B30C /* Coordinator.app */,
			);
			name = Products;
			sourceTree = "<group>";
		};
		6ED601372AF37D360009B30C /* Coordinator */ = {
			isa = PBXGroup;
			children = (
				6ED601552AF391650009B30C /* Model */,
				6ED601502AF391120009B30C /* Presentation */,
				6ED601382AF37D360009B30C /* AppDelegate.swift */,
				6ED6013A2AF37D360009B30C /* SceneDelegate.swift */,
				6ED601412AF37D370009B30C /* Assets.xcassets */,
				6ED601432AF37D370009B30C /* LaunchScreen.storyboard */,
				6ED601462AF37D370009B30C /* Info.plist */,
			);
			path = Coordinator;
			sourceTree = "<group>";
		};
		6ED601502AF391120009B30C /* Presentation */ = {
			isa = PBXGroup;
			children = (
				6ED601612AF394590009B30C /* Next */,
				6ED601512AF3912C0009B30C /* Home */,
				6ED6015D2AF391D50009B30C /* Coordinator.swift */,
				6ED6015F2AF3921F0009B30C /* AppCoordinator.swift */,
			);
			path = Presentation;
			sourceTree = "<group>";
		};
		6ED601512AF3912C0009B30C /* Home */ = {
			isa = PBXGroup;
			children = (
				6ED601542AF3915F0009B30C /* Coordinator */,
				6ED601532AF3915B0009B30C /* ViewModel */,
				6ED601522AF391430009B30C /* ViewController */,
			);
			path = Home;
			sourceTree = "<group>";
		};
		6ED601522AF391430009B30C /* ViewController */ = {
			isa = PBXGroup;
			children = (
				6ED601562AF391750009B30C /* HomeViewController.swift */,
			);
			path = ViewController;
			sourceTree = "<group>";
		};
		6ED601532AF3915B0009B30C /* ViewModel */ = {
			isa = PBXGroup;
			children = (
				6ED601582AF3919E0009B30C /* HomeViewModel.swift */,
			);
			path = ViewModel;
			sourceTree = "<group>";
		};
		6ED601542AF3915F0009B30C /* Coordinator */ = {
			isa = PBXGroup;
			children = (
				6ED6015A2AF391AF0009B30C /* HomeCoordinator.swift */,
			);
			path = Coordinator;
			sourceTree = "<group>";
		};
		6ED601552AF391650009B30C /* Model */ = {
			isa = PBXGroup;
			children = (
			);
			path = Model;
			sourceTree = "<group>";
		};
		6ED601612AF394590009B30C /* Next */ = {
			isa = PBXGroup;
			children = (
				6ED601642AF394650009B30C /* Coordinator */,
				6ED601632AF394620009B30C /* ViewModel */,
				6ED601622AF3945E0009B30C /* ViewController */,
			);
			path = Next;
			sourceTree = "<group>";
		};
		6ED601622AF3945E0009B30C /* ViewController */ = {
			isa = PBXGroup;
			children = (
				6ED601742AF39B370009B30C /* NextViewController.swift */,
			);
			path = ViewController;
			sourceTree = "<group>";
		};
		6ED601632AF394620009B30C /* ViewModel */ = {
			isa = PBXGroup;
			children = (
				6ED601722AF39B2A0009B30C /* NextViewModel.swift */,
			);
			path = ViewModel;
			sourceTree = "<group>";
		};
		6ED601642AF394650009B30C /* Coordinator */ = {
			isa = PBXGroup;
			children = (
				6ED601702AF39AA60009B30C /* NextCoordinator.swift */,
			);
			path = Coordinator;
			sourceTree = "<group>";
		};
/* End PBXGroup section */

/* Begin PBXNativeTarget section */
		6ED601342AF37D360009B30C /* Coordinator */ = {
			isa = PBXNativeTarget;
			buildConfigurationList = 6ED601492AF37D370009B30C /* Build configuration list for PBXNativeTarget "Coordinator" */;
			buildPhases = (
				6ED601312AF37D360009B30C /* Sources */,
				6ED601322AF37D360009B30C /* Frameworks */,
				6ED601332AF37D360009B30C /* Resources */,
			);
			buildRules = (
			);
			dependencies = (
			);
			name = Coordinator;
			packageProductDependencies = (
				6ED601662AF399330009B30C /* RxBlocking */,
				6ED601682AF399330009B30C /* RxBlocking-Dynamic */,
				6ED6016A2AF399330009B30C /* RxCocoa */,
				6ED6016C2AF399330009B30C /* RxCocoa-Dynamic */,
				6ED6016E2AF399330009B30C /* RxRelay */,
			);
			productName = Coordinator;
			productReference = 6ED601352AF37D360009B30C /* Coordinator.app */;
			productType = "com.apple.product-type.application";
		};
/* End PBXNativeTarget section */

/* Begin PBXProject section */
		6ED6012D2AF37D360009B30C /* Project object */ = {
			isa = PBXProject;
			attributes = {
				BuildIndependentTargetsInParallel = 1;
				LastSwiftUpdateCheck = 1500;
				LastUpgradeCheck = 1500;
				TargetAttributes = {
					6ED601342AF37D360009B30C = {
						CreatedOnToolsVersion = 15.0.1;
					};
				};
			};
			buildConfigurationList = 6ED601302AF37D360009B30C /* Build configuration list for PBXProject "Coordinator" */;
			compatibilityVersion = "Xcode 14.0";
			developmentRegion = en;
			hasScannedForEncodings = 0;
			knownRegions = (
				en,
				Base,
			);
			mainGroup = 6ED6012C2AF37D360009B30C;
			packageReferences = (
				6ED601652AF399330009B30C /* XCRemoteSwiftPackageReference "RxSwift" */,
			);
			productRefGroup = 6ED601362AF37D360009B30C /* Products */;
			projectDirPath = "";
			projectRoot = "";
			targets = (
				6ED601342AF37D360009B30C /* Coordinator */,
			);
		};
/* End PBXProject section */

/* Begin PBXResourcesBuildPhase section */
		6ED601332AF37D360009B30C /* Resources */ = {
			isa = PBXResourcesBuildPhase;
			buildActionMask = 2147483647;
			files = (
				6ED601452AF37D370009B30C /* LaunchScreen.storyboard in Resources */,
				6ED601422AF37D370009B30C /* Assets.xcassets in Resources */,
			);
			runOnlyForDeploymentPostprocessing = 0;
		};
/* End PBXResourcesBuildPhase section */

/* Begin PBXSourcesBuildPhase section */
		6ED601312AF37D360009B30C /* Sources */ = {
			isa = PBXSourcesBuildPhase;
			buildActionMask = 2147483647;
			files = (
				6ED601392AF37D360009B30C /* AppDelegate.swift in Sources */,
				6ED6013B2AF37D360009B30C /* SceneDelegate.swift in Sources */,
				6ED6015E2AF391D50009B30C /* Coordinator.swift in Sources */,
				6ED601732AF39B2A0009B30C /* NextViewModel.swift in Sources */,
				6ED601712AF39AA60009B30C /* NextCoordinator.swift in Sources */,
				6ED601752AF39B370009B30C /* NextViewController.swift in Sources */,
				6ED6015B2AF391AF0009B30C /* HomeCoordinator.swift in Sources */,
				6ED601572AF391750009B30C /* HomeViewController.swift in Sources */,
				6ED601592AF3919E0009B30C /* HomeViewModel.swift in Sources */,
				6ED601602AF3921F0009B30C /* AppCoordinator.swift in Sources */,
			);
			runOnlyForDeploymentPostprocessing = 0;
		};
/* End PBXSourcesBuildPhase section */

/* Begin PBXVariantGroup section */
		6ED601432AF37D370009B30C /* LaunchScreen.storyboard */ = {
			isa = PBXVariantGroup;
			children = (
				6ED601442AF37D370009B30C /* Base */,
			);
			name = LaunchScreen.storyboard;
			sourceTree = "<group>";
		};
/* End PBXVariantGroup section */

/* Begin XCBuildConfiguration section */
		6ED601472AF37D370009B30C /* Debug */ = {
			isa = XCBuildConfiguration;
			buildSettings = {
				ALWAYS_SEARCH_USER_PATHS = NO;
				ASSETCATALOG_COMPILER_GENERATE_SWIFT_ASSET_SYMBOL_EXTENSIONS = YES;
				CLANG_ANALYZER_NONNULL = YES;
				CLANG_ANALYZER_NUMBER_OBJECT_CONVERSION = YES_AGGRESSIVE;
				CLANG_CXX_LANGUAGE_STANDARD = "gnu++20";
				CLANG_ENABLE_MODULES = YES;
				CLANG_ENABLE_OBJC_ARC = YES;
				CLANG_ENABLE_OBJC_WEAK = YES;
				CLANG_WARN_BLOCK_CAPTURE_AUTORELEASING = YES;
				CLANG_WARN_BOOL_CONVERSION = YES;
				CLANG_WARN_COMMA = YES;
				CLANG_WARN_CONSTANT_CONVERSION = YES;
				CLANG_WARN_DEPRECATED_OBJC_IMPLEMENTATIONS = YES;
				CLANG_WARN_DIRECT_OBJC_ISA_USAGE = YES_ERROR;
				CLANG_WARN_DOCUMENTATION_COMMENTS = YES;
				CLANG_WARN_EMPTY_BODY = YES;
				CLANG_WARN_ENUM_CONVERSION = YES;
				CLANG_WARN_INFINITE_RECURSION = YES;
				CLANG_WARN_INT_CONVERSION = YES;
				CLANG_WARN_NON_LITERAL_NULL_CONVERSION = YES;
				CLANG_WARN_OBJC_IMPLICIT_RETAIN_SELF = YES;
				CLANG_WARN_OBJC_LITERAL_CONVERSION = YES;
				CLANG_WARN_OBJC_ROOT_CLASS = YES_ERROR;
				CLANG_WARN_QUOTED_INCLUDE_IN_FRAMEWORK_HEADER = YES;
				CLANG_WARN_RANGE_LOOP_ANALYSIS = YES;
				CLANG_WARN_STRICT_PROTOTYPES = YES;
				CLANG_WARN_SUSPICIOUS_MOVE = YES;
				CLANG_WARN_UNGUARDED_AVAILABILITY = YES_AGGRESSIVE;
				CLANG_WARN_UNREACHABLE_CODE = YES;
				CLANG_WARN__DUPLICATE_METHOD_MATCH = YES;
				COPY_PHASE_STRIP = NO;
				DEBUG_INFORMATION_FORMAT = dwarf;
				ENABLE_STRICT_OBJC_MSGSEND = YES;
				ENABLE_TESTABILITY = YES;
				ENABLE_USER_SCRIPT_SANDBOXING = YES;
				GCC_C_LANGUAGE_STANDARD = gnu17;
				GCC_DYNAMIC_NO_PIC = NO;
				GCC_NO_COMMON_BLOCKS = YES;
				GCC_OPTIMIZATION_LEVEL = 0;
				GCC_PREPROCESSOR_DEFINITIONS = (
					"DEBUG=1",
					"$(inherited)",
				);
				GCC_WARN_64_TO_32_BIT_CONVERSION = YES;
				GCC_WARN_ABOUT_RETURN_TYPE = YES_ERROR;
				GCC_WARN_UNDECLARED_SELECTOR = YES;
				GCC_WARN_UNINITIALIZED_AUTOS = YES_AGGRESSIVE;
				GCC_WARN_UNUSED_FUNCTION = YES;
				GCC_WARN_UNUSED_VARIABLE = YES;
				IPHONEOS_DEPLOYMENT_TARGET = 17.0;
				LOCALIZATION_PREFERS_STRING_CATALOGS = YES;
				MTL_ENABLE_DEBUG_INFO = INCLUDE_SOURCE;
				MTL_FAST_MATH = YES;
				ONLY_ACTIVE_ARCH = YES;
				SDKROOT = iphoneos;
				SWIFT_ACTIVE_COMPILATION_CONDITIONS = "DEBUG $(inherited)";
				SWIFT_OPTIMIZATION_LEVEL = "-Onone";
			};
			name = Debug;
		};
		6ED601482AF37D370009B30C /* Release */ = {
			isa = XCBuildConfiguration;
			buildSettings = {
				ALWAYS_SEARCH_USER_PATHS = NO;
				ASSETCATALOG_COMPILER_GENERATE_SWIFT_ASSET_SYMBOL_EXTENSIONS = YES;
				CLANG_ANALYZER_NONNULL = YES;
				CLANG_ANALYZER_NUMBER_OBJECT_CONVERSION = YES_AGGRESSIVE;
				CLANG_CXX_LANGUAGE_STANDARD = "gnu++20";
				CLANG_ENABLE_MODULES = YES;
				CLANG_ENABLE_OBJC_ARC = YES;
				CLANG_ENABLE_OBJC_WEAK = YES;
				CLANG_WARN_BLOCK_CAPTURE_AUTORELEASING = YES;
				CLANG_WARN_BOOL_CONVERSION = YES;
				CLANG_WARN_COMMA = YES;
				CLANG_WARN_CONSTANT_CONVERSION = YES;
				CLANG_WARN_DEPRECATED_OBJC_IMPLEMENTATIONS = YES;
				CLANG_WARN_DIRECT_OBJC_ISA_USAGE = YES_ERROR;
				CLANG_WARN_DOCUMENTATION_COMMENTS = YES;
				CLANG_WARN_EMPTY_BODY = YES;
				CLANG_WARN_ENUM_CONVERSION = YES;
				CLANG_WARN_INFINITE_RECURSION = YES;
				CLANG_WARN_INT_CONVERSION = YES;
				CLANG_WARN_NON_LITERAL_NULL_CONVERSION = YES;
				CLANG_WARN_OBJC_IMPLICIT_RETAIN_SELF = YES;
				CLANG_WARN_OBJC_LITERAL_CONVERSION = YES;
				CLANG_WARN_OBJC_ROOT_CLASS = YES_ERROR;
				CLANG_WARN_QUOTED_INCLUDE_IN_FRAMEWORK_HEADER = YES;
				CLANG_WARN_RANGE_LOOP_ANALYSIS = YES;
				CLANG_WARN_STRICT_PROTOTYPES = YES;
				CLANG_WARN_SUSPICIOUS_MOVE = YES;
				CLANG_WARN_UNGUARDED_AVAILABILITY = YES_AGGRESSIVE;
				CLANG_WARN_UNREACHABLE_CODE = YES;
				CLANG_WARN__DUPLICATE_METHOD_MATCH = YES;
				COPY_PHASE_STRIP = NO;
				DEBUG_INFORMATION_FORMAT = "dwarf-with-dsym";
				ENABLE_NS_ASSERTIONS = NO;
				ENABLE_STRICT_OBJC_MSGSEND = YES;
				ENABLE_USER_SCRIPT_SANDBOXING = YES;
				GCC_C_LANGUAGE_STANDARD = gnu17;
				GCC_NO_COMMON_BLOCKS = YES;
				GCC_WARN_64_TO_32_BIT_CONVERSION = YES;
				GCC_WARN_ABOUT_RETURN_TYPE = YES_ERROR;
				GCC_WARN_UNDECLARED_SELECTOR = YES;
				GCC_WARN_UNINITIALIZED_AUTOS = YES_AGGRESSIVE;
				GCC_WARN_UNUSED_FUNCTION = YES;
				GCC_WARN_UNUSED_VARIABLE = YES;
				IPHONEOS_DEPLOYMENT_TARGET = 17.0;
				LOCALIZATION_PREFERS_STRING_CATALOGS = YES;
				MTL_ENABLE_DEBUG_INFO = NO;
				MTL_FAST_MATH = YES;
				SDKROOT = iphoneos;
				SWIFT_COMPILATION_MODE = wholemodule;
				VALIDATE_PRODUCT = YES;
			};
			name = Release;
		};
		6ED6014A2AF37D370009B30C /* Debug */ = {
			isa = XCBuildConfiguration;
			buildSettings = {
				ASSETCATALOG_COMPILER_APPICON_NAME = AppIcon;
				ASSETCATALOG_COMPILER_GLOBAL_ACCENT_COLOR_NAME = AccentColor;
				CODE_SIGN_STYLE = Automatic;
				CURRENT_PROJECT_VERSION = 1;
				DEVELOPMENT_TEAM = 7YM75J8UJJ;
				GENERATE_INFOPLIST_FILE = YES;
				INFOPLIST_FILE = Coordinator/Info.plist;
				INFOPLIST_KEY_UIApplicationSupportsIndirectInputEvents = YES;
				INFOPLIST_KEY_UILaunchStoryboardName = LaunchScreen;
				INFOPLIST_KEY_UISupportedInterfaceOrientations = UIInterfaceOrientationPortrait;
				INFOPLIST_KEY_UISupportedInterfaceOrientations_iPad = "UIInterfaceOrientationLandscapeLeft UIInterfaceOrientationLandscapeRight UIInterfaceOrientationPortrait UIInterfaceOrientationPortraitUpsideDown";
				IPHONEOS_DEPLOYMENT_TARGET = 16.0;
				LD_RUNPATH_SEARCH_PATHS = (
					"$(inherited)",
					"@executable_path/Frameworks",
				);
				MARKETING_VERSION = 1.0;
				PRODUCT_BUNDLE_IDENTIFIER = com.CY.Coordinator;
				PRODUCT_NAME = "$(TARGET_NAME)";
				SUPPORTED_PLATFORMS = "iphoneos iphonesimulator";
				SUPPORTS_MACCATALYST = NO;
				SUPPORTS_MAC_DESIGNED_FOR_IPHONE_IPAD = NO;
				SWIFT_EMIT_LOC_STRINGS = YES;
				SWIFT_VERSION = 5.0;
				TARGETED_DEVICE_FAMILY = 1;
			};
			name = Debug;
		};
		6ED6014B2AF37D370009B30C /* Release */ = {
			isa = XCBuildConfiguration;
			buildSettings = {
				ASSETCATALOG_COMPILER_APPICON_NAME = AppIcon;
				ASSETCATALOG_COMPILER_GLOBAL_ACCENT_COLOR_NAME = AccentColor;
				CODE_SIGN_STYLE = Automatic;
				CURRENT_PROJECT_VERSION = 1;
				DEVELOPMENT_TEAM = 7YM75J8UJJ;
				GENERATE_INFOPLIST_FILE = YES;
				INFOPLIST_FILE = Coordinator/Info.plist;
				INFOPLIST_KEY_UIApplicationSupportsIndirectInputEvents = YES;
				INFOPLIST_KEY_UILaunchStoryboardName = LaunchScreen;
				INFOPLIST_KEY_UISupportedInterfaceOrientations = UIInterfaceOrientationPortrait;
				INFOPLIST_KEY_UISupportedInterfaceOrientations_iPad = "UIInterfaceOrientationLandscapeLeft UIInterfaceOrientationLandscapeRight UIInterfaceOrientationPortrait UIInterfaceOrientationPortraitUpsideDown";
				IPHONEOS_DEPLOYMENT_TARGET = 16.0;
				LD_RUNPATH_SEARCH_PATHS = (
					"$(inherited)",
					"@executable_path/Frameworks",
				);
				MARKETING_VERSION = 1.0;
				PRODUCT_BUNDLE_IDENTIFIER = com.CY.Coordinator;
				PRODUCT_NAME = "$(TARGET_NAME)";
				SUPPORTED_PLATFORMS = "iphoneos iphonesimulator";
				SUPPORTS_MACCATALYST = NO;
				SUPPORTS_MAC_DESIGNED_FOR_IPHONE_IPAD = NO;
				SWIFT_EMIT_LOC_STRINGS = YES;
				SWIFT_VERSION = 5.0;
				TARGETED_DEVICE_FAMILY = 1;
			};
			name = Release;
		};
/* End XCBuildConfiguration section */

/* Begin XCConfigurationList section */
		6ED601302AF37D360009B30C /* Build configuration list for PBXProject "Coordinator" */ = {
			isa = XCConfigurationList;
			buildConfigurations = (
				6ED601472AF37D370009B30C /* Debug */,
				6ED601482AF37D370009B30C /* Release */,
			);
			defaultConfigurationIsVisible = 0;
			defaultConfigurationName = Release;
		};
		6ED601492AF37D370009B30C /* Build configuration list for PBXNativeTarget "Coordinator" */ = {
			isa = XCConfigurationList;
			buildConfigurations = (
				6ED6014A2AF37D370009B30C /* Debug */,
				6ED6014B2AF37D370009B30C /* Release */,
			);
			defaultConfigurationIsVisible = 0;
			defaultConfigurationName = Release;
		};
/* End XCConfigurationList section */

/* Begin XCRemoteSwiftPackageReference section */
		6ED601652AF399330009B30C /* XCRemoteSwiftPackageReference "RxSwift" */ = {
			isa = XCRemoteSwiftPackageReference;
			repositoryURL = "https://github.com/ReactiveX/RxSwift.git";
			requirement = {
				kind = upToNextMajorVersion;
				minimumVersion = 6.6.0;
			};
		};
/* End XCRemoteSwiftPackageReference section */

/* Begin XCSwiftPackageProductDependency section */
		6ED601662AF399330009B30C /* RxBlocking */ = {
			isa = XCSwiftPackageProductDependency;
			package = 6ED601652AF399330009B30C /* XCRemoteSwiftPackageReference "RxSwift" */;
			productName = RxBlocking;
		};
		6ED601682AF399330009B30C /* RxBlocking-Dynamic */ = {
			isa = XCSwiftPackageProductDependency;
			package = 6ED601652AF399330009B30C /* XCRemoteSwiftPackageReference "RxSwift" */;
			productName = "RxBlocking-Dynamic";
		};
		6ED6016A2AF399330009B30C /* RxCocoa */ = {
			isa = XCSwiftPackageProductDependency;
			package = 6ED601652AF399330009B30C /* XCRemoteSwiftPackageReference "RxSwift" */;
			productName = RxCocoa;
		};
		6ED6016C2AF399330009B30C /* RxCocoa-Dynamic */ = {
			isa = XCSwiftPackageProductDependency;
			package = 6ED601652AF399330009B30C /* XCRemoteSwiftPackageReference "RxSwift" */;
			productName = "RxCocoa-Dynamic";
		};
		6ED6016E2AF399330009B30C /* RxRelay */ = {
			isa = XCSwiftPackageProductDependency;
			package = 6ED601652AF399330009B30C /* XCRemoteSwiftPackageReference "RxSwift" */;
			productName = RxRelay;
		};
/* End XCSwiftPackageProductDependency section */
	};
	rootObject = 6ED6012D2AF37D360009B30C /* Project object */;
}
